
Microsoft Visual Studio Solution File, Format Version 12.00
# Visual Studio Version 16
VisualStudioVersion = 16.0.30413.136
MinimumVisualStudioVersion = 10.0.40219.1
Project("{FAE04EC0-301F-11D3-BF4B-00C04F79EFBC}") = "W2L8_exercises", "W2L8_exercises.csproj", "{5A42BFC6-E401-400D-A0B0-EB81AB9D8671}"
EndProject
Global
	GlobalSection(SolutionConfigurationPlatforms) = preSolution
		Debug|Any CPU = Debug|Any CPU
		Release|Any CPU = Release|Any CPU
	EndGlobalSection
	GlobalSection(ProjectConfigurationPlatforms) = postSolution
		{5A42BFC6-E401-400D-A0B0-EB81AB9D8671}.Debug|Any CPU.ActiveCfg = Debug|Any CPU
		{5A42BFC6-E401-400D-A0B0-EB81AB9D8671}.Debug|Any CPU.Build.0 = Debug|Any CPU
		{5A42BFC6-E401-400D-A0B0-EB81AB9D8671}.Release|Any CPU.ActiveCfg = Release|Any CPU
		{5A42BFC6-E401-400D-A0B0-EB81AB9D8671}.Release|Any CPU.Build.0 = Release|Any CPU
	EndGlobalSection
	GlobalSection(SolutionProperties) = preSolution
		HideSolutionNode = FALSE
	EndGlobalSection
	GlobalSection(ExtensibilityGlobals) = postSolution
		SolutionGuid = {F5647906-E35C-435E-B741-38D13C9045A0}
	EndGlobalSection
EndGlobal
