
Microsoft Visual Studio Solution File, Format Version 12.00
# Visual Studio Version 16
VisualStudioVersion = 16.0.30413.136
MinimumVisualStudioVersion = 10.0.40219.1
Project("{9A19103F-16F7-4668-BE54-9A1E7A4F7556}") = "CarTryApplication", "CarTryApplication.csproj", "{3FEE1904-0218-4361-8D4F-400FEE435FAD}"
EndProject
Project("{FAE04EC0-301F-11D3-BF4B-00C04F79EFBC}") = "CarTry.App", "..\CarTry.App\CarTry.App.csproj", "{05D8532F-AEEC-4684-BCA4-E7C0BB9135E5}"
EndProject
Project("{FAE04EC0-301F-11D3-BF4B-00C04F79EFBC}") = "CarTry.Domain", "..\CarTry.Domain\CarTry.Domain.csproj", "{3FF22EB9-0BB4-4F1B-9FAD-C847DC9AA82B}"
EndProject
Global
	GlobalSection(SolutionConfigurationPlatforms) = preSolution
		Debug|Any CPU = Debug|Any CPU
		Release|Any CPU = Release|Any CPU
	EndGlobalSection
	GlobalSection(ProjectConfigurationPlatforms) = postSolution
		{3FEE1904-0218-4361-8D4F-400FEE435FAD}.Debug|Any CPU.ActiveCfg = Debug|Any CPU
		{3FEE1904-0218-4361-8D4F-400FEE435FAD}.Debug|Any CPU.Build.0 = Debug|Any CPU
		{3FEE1904-0218-4361-8D4F-400FEE435FAD}.Release|Any CPU.ActiveCfg = Release|Any CPU
		{3FEE1904-0218-4361-8D4F-400FEE435FAD}.Release|Any CPU.Build.0 = Release|Any CPU
		{05D8532F-AEEC-4684-BCA4-E7C0BB9135E5}.Debug|Any CPU.ActiveCfg = Debug|Any CPU
		{05D8532F-AEEC-4684-BCA4-E7C0BB9135E5}.Debug|Any CPU.Build.0 = Debug|Any CPU
		{05D8532F-AEEC-4684-BCA4-E7C0BB9135E5}.Release|Any CPU.ActiveCfg = Release|Any CPU
		{05D8532F-AEEC-4684-BCA4-E7C0BB9135E5}.Release|Any CPU.Build.0 = Release|Any CPU
		{3FF22EB9-0BB4-4F1B-9FAD-C847DC9AA82B}.Debug|Any CPU.ActiveCfg = Debug|Any CPU
		{3FF22EB9-0BB4-4F1B-9FAD-C847DC9AA82B}.Debug|Any CPU.Build.0 = Debug|Any CPU
		{3FF22EB9-0BB4-4F1B-9FAD-C847DC9AA82B}.Release|Any CPU.ActiveCfg = Release|Any CPU
		{3FF22EB9-0BB4-4F1B-9FAD-C847DC9AA82B}.Release|Any CPU.Build.0 = Release|Any CPU
	EndGlobalSection
	GlobalSection(SolutionProperties) = preSolution
		HideSolutionNode = FALSE
	EndGlobalSection
	GlobalSection(ExtensibilityGlobals) = postSolution
		SolutionGuid = {A7D3C8E5-91C3-4999-8591-4B3478238D6D}
	EndGlobalSection
EndGlobal
